// !$*UTF8*$!
{
	archiveVersion = 1;
	classes = {
	};
	objectVersion = 46;
	objects = {

/* Begin PBXBuildFile section */
		66B5FEE61918198000FB45DD /* Foundation.framework in Frameworks */ = {isa = PBXBuildFile; fileRef = 66B5FEE51918198000FB45DD /* Foundation.framework */; };
		66B5FEE81918198000FB45DD /* CoreGraphics.framework in Frameworks */ = {isa = PBXBuildFile; fileRef = 66B5FEE71918198000FB45DD /* CoreGraphics.framework */; };
		66B5FEEA1918198000FB45DD /* UIKit.framework in Frameworks */ = {isa = PBXBuildFile; fileRef = 66B5FEE91918198000FB45DD /* UIKit.framework */; };
		66B5FEF01918198000FB45DD /* InfoPlist.strings in Resources */ = {isa = PBXBuildFile; fileRef = 66B5FEEE1918198000FB45DD /* InfoPlist.strings */; };
		66B5FEF21918198000FB45DD /* main.m in Sources */ = {isa = PBXBuildFile; fileRef = 66B5FEF11918198000FB45DD /* main.m */; };
		66B5FEF61918198000FB45DD /* AppDelegate.m in Sources */ = {isa = PBXBuildFile; fileRef = 66B5FEF51918198000FB45DD /* AppDelegate.m */; };
		66B5FEF91918198000FB45DD /* Main_iPhone.storyboard in Resources */ = {isa = PBXBuildFile; fileRef = 66B5FEF71918198000FB45DD /* Main_iPhone.storyboard */; };
		66B5FEFC1918198000FB45DD /* Main_iPad.storyboard in Resources */ = {isa = PBXBuildFile; fileRef = 66B5FEFA1918198000FB45DD /* Main_iPad.storyboard */; };
		66B5FEFF1918198000FB45DD /* ViewController.m in Sources */ = {isa = PBXBuildFile; fileRef = 66B5FEFE1918198000FB45DD /* ViewController.m */; };
		66B5FF011918198000FB45DD /* Images.xcassets in Resources */ = {isa = PBXBuildFile; fileRef = 66B5FF001918198000FB45DD /* Images.xcassets */; };
		66B5FF081918198000FB45DD /* XCTest.framework in Frameworks */ = {isa = PBXBuildFile; fileRef = 66B5FF071918198000FB45DD /* XCTest.framework */; };
		66B5FF091918198000FB45DD /* Foundation.framework in Frameworks */ = {isa = PBXBuildFile; fileRef = 66B5FEE51918198000FB45DD /* Foundation.framework */; };
		66B5FF0A1918198000FB45DD /* UIKit.framework in Frameworks */ = {isa = PBXBuildFile; fileRef = 66B5FEE91918198000FB45DD /* UIKit.framework */; };
		66B5FF121918198100FB45DD /* InfoPlist.strings in Resources */ = {isa = PBXBuildFile; fileRef = 66B5FF101918198100FB45DD /* InfoPlist.strings */; };
		66B5FF141918198100FB45DD /* cameraTests.m in Sources */ = {isa = PBXBuildFile; fileRef = 66B5FF131918198100FB45DD /* cameraTests.m */; };
/* End PBXBuildFile section */

/* Begin PBXContainerItemProxy section */
		66B5FF0B1918198100FB45DD /* PBXContainerItemProxy */ = {
			isa = PBXContainerItemProxy;
			containerPortal = 66B5FEDA1918198000FB45DD /* Project object */;
			proxyType = 1;
			remoteGlobalIDString = 66B5FEE11918198000FB45DD;
			remoteInfo = camera;
		};
/* End PBXContainerItemProxy section */

/* Begin PBXFileReference section */
		66B5FEE21918198000FB45DD /* camera.app */ = {isa = PBXFileReference; explicitFileType = wrapper.application; includeInIndex = 0; path = camera.app; sourceTree = BUILT_PRODUCTS_DIR; };
		66B5FEE51918198000FB45DD /* Foundation.framework */ = {isa = PBXFileReference; lastKnownFileType = wrapper.framework; name = Foundation.framework; path = System/Library/Frameworks/Foundation.framework; sourceTree = SDKROOT; };
		66B5FEE71918198000FB45DD /* CoreGraphics.framework */ = {isa = PBXFileReference; lastKnownFileType = wrapper.framework; name = CoreGraphics.framework; path = System/Library/Frameworks/CoreGraphics.framework; sourceTree = SDKROOT; };
		66B5FEE91918198000FB45DD /* UIKit.framework */ = {isa = PBXFileReference; lastKnownFileType = wrapper.framework; name = UIKit.framework; path = System/Library/Frameworks/UIKit.framework; sourceTree = SDKROOT; };
		66B5FEED1918198000FB45DD /* camera-Info.plist */ = {isa = PBXFileReference; lastKnownFileType = text.plist.xml; path = "camera-Info.plist"; sourceTree = "<group>"; };
		66B5FEEF1918198000FB45DD /* en */ = {isa = PBXFileReference; lastKnownFileType = text.plist.strings; name = en; path = en.lproj/InfoPlist.strings; sourceTree = "<group>"; };
		66B5FEF11918198000FB45DD /* main.m */ = {isa = PBXFileReference; lastKnownFileType = sourcecode.c.objc; path = main.m; sourceTree = "<group>"; };
		66B5FEF31918198000FB45DD /* camera-Prefix.pch */ = {isa = PBXFileReference; lastKnownFileType = sourcecode.c.h; path = "camera-Prefix.pch"; sourceTree = "<group>"; };
		66B5FEF41918198000FB45DD /* AppDelegate.h */ = {isa = PBXFileReference; lastKnownFileType = sourcecode.c.h; path = AppDelegate.h; sourceTree = "<group>"; };
		66B5FEF51918198000FB45DD /* AppDelegate.m */ = {isa = PBXFileReference; lastKnownFileType = sourcecode.c.objc; path = AppDelegate.m; sourceTree = "<group>"; };
		66B5FEF81918198000FB45DD /* Base */ = {isa = PBXFileReference; lastKnownFileType = file.storyboard; name = Base; path = Base.lproj/Main_iPhone.storyboard; sourceTree = "<group>"; };
		66B5FEFB1918198000FB45DD /* Base */ = {isa = PBXFileReference; lastKnownFileType = file.storyboard; name = Base; path = Base.lproj/Main_iPad.storyboard; sourceTree = "<group>"; };
		66B5FEFD1918198000FB45DD /* ViewController.h */ = {isa = PBXFileReference; lastKnownFileType = sourcecode.c.h; path = ViewController.h; sourceTree = "<group>"; };
		66B5FEFE1918198000FB45DD /* ViewController.m */ = {isa = PBXFileReference; lastKnownFileType = sourcecode.c.objc; path = ViewController.m; sourceTree = "<group>"; };
		66B5FF001918198000FB45DD /* Images.xcassets */ = {isa = PBXFileReference; lastKnownFileType = folder.assetcatalog; path = Images.xcassets; sourceTree = "<group>"; };
		66B5FF061918198000FB45DD /* cameraTests.xctest */ = {isa = PBXFileReference; explicitFileType = wrapper.cfbundle; includeInIndex = 0; path = cameraTests.xctest; sourceTree = BUILT_PRODUCTS_DIR; };
		66B5FF071918198000FB45DD /* XCTest.framework */ = {isa = PBXFileReference; lastKnownFileType = wrapper.framework; name = XCTest.framework; path = Library/Frameworks/XCTest.framework; sourceTree = DEVELOPER_DIR; };
		66B5FF0F1918198100FB45DD /* cameraTests-Info.plist */ = {isa = PBXFileReference; lastKnownFileType = text.plist.xml; path = "cameraTests-Info.plist"; sourceTree = "<group>"; };
		66B5FF111918198100FB45DD /* en */ = {isa = PBXFileReference; lastKnownFileType = text.plist.strings; name = en; path = en.lproj/InfoPlist.strings; sourceTree = "<group>"; };
		66B5FF131918198100FB45DD /* cameraTests.m */ = {isa = PBXFileReference; lastKnownFileType = sourcecode.c.objc; path = cameraTests.m; sourceTree = "<group>"; };
/* End PBXFileReference section */

/* Begin PBXFrameworksBuildPhase section */
		66B5FEDF1918198000FB45DD /* Frameworks */ = {
			isa = PBXFrameworksBuildPhase;
			buildActionMask = 2147483647;
			files = (
				66B5FEE81918198000FB45DD /* CoreGraphics.framework in Frameworks */,
				66B5FEEA1918198000FB45DD /* UIKit.framework in Frameworks */,
				66B5FEE61918198000FB45DD /* Foundation.framework in Frameworks */,
			);
			runOnlyForDeploymentPostprocessing = 0;
		};
		66B5FF031918198000FB45DD /* Frameworks */ = {
			isa = PBXFrameworksBuildPhase;
			buildActionMask = 2147483647;
			files = (
				66B5FF081918198000FB45DD /* XCTest.framework in Frameworks */,
				66B5FF0A1918198000FB45DD /* UIKit.framework in Frameworks */,
				66B5FF091918198000FB45DD /* Foundation.framework in Frameworks */,
			);
			runOnlyForDeploymentPostprocessing = 0;
		};
/* End PBXFrameworksBuildPhase section */

/* Begin PBXGroup section */
		66B5FED91918198000FB45DD = {
			isa = PBXGroup;
			children = (
				66B5FEEB1918198000FB45DD /* camera */,
				66B5FF0D1918198100FB45DD /* cameraTests */,
				66B5FEE41918198000FB45DD /* Frameworks */,
				66B5FEE31918198000FB45DD /* Products */,
			);
			sourceTree = "<group>";
		};
		66B5FEE31918198000FB45DD /* Products */ = {
			isa = PBXGroup;
			children = (
				66B5FEE21918198000FB45DD /* camera.app */,
				66B5FF061918198000FB45DD /* cameraTests.xctest */,
			);
			name = Products;
			sourceTree = "<group>";
		};
		66B5FEE41918198000FB45DD /* Frameworks */ = {
			isa = PBXGroup;
			children = (
				66B5FEE51918198000FB45DD /* Foundation.framework */,
				66B5FEE71918198000FB45DD /* CoreGraphics.framework */,
				66B5FEE91918198000FB45DD /* UIKit.framework */,
				66B5FF071918198000FB45DD /* XCTest.framework */,
			);
			name = Frameworks;
			sourceTree = "<group>";
		};
		66B5FEEB1918198000FB45DD /* camera */ = {
			isa = PBXGroup;
			children = (
				66B5FEF41918198000FB45DD /* AppDelegate.h */,
				66B5FEF51918198000FB45DD /* AppDelegate.m */,
				66B5FEF71918198000FB45DD /* Main_iPhone.storyboard */,
				66B5FEFA1918198000FB45DD /* Main_iPad.storyboard */,
				66B5FEFD1918198000FB45DD /* ViewController.h */,
				66B5FEFE1918198000FB45DD /* ViewController.m */,
				66B5FF001918198000FB45DD /* Images.xcassets */,
				66B5FEEC1918198000FB45DD /* Supporting Files */,
			);
			path = camera;
			sourceTree = "<group>";
		};
		66B5FEEC1918198000FB45DD /* Supporting Files */ = {
			isa = PBXGroup;
			children = (
				66B5FEED1918198000FB45DD /* camera-Info.plist */,
				66B5FEEE1918198000FB45DD /* InfoPlist.strings */,
				66B5FEF11918198000FB45DD /* main.m */,
				66B5FEF31918198000FB45DD /* camera-Prefix.pch */,
			);
			name = "Supporting Files";
			sourceTree = "<group>";
		};
		66B5FF0D1918198100FB45DD /* cameraTests */ = {
			isa = PBXGroup;
			children = (
				66B5FF131918198100FB45DD /* cameraTests.m */,
				66B5FF0E1918198100FB45DD /* Supporting Files */,
			);
			path = cameraTests;
			sourceTree = "<group>";
		};
		66B5FF0E1918198100FB45DD /* Supporting Files */ = {
			isa = PBXGroup;
			children = (
				66B5FF0F1918198100FB45DD /* cameraTests-Info.plist */,
				66B5FF101918198100FB45DD /* InfoPlist.strings */,
			);
			name = "Supporting Files";
			sourceTree = "<group>";
		};
/* End PBXGroup section */

/* Begin PBXNativeTarget section */
		66B5FEE11918198000FB45DD /* camera */ = {
			isa = PBXNativeTarget;
			buildConfigurationList = 66B5FF171918198100FB45DD /* Build configuration list for PBXNativeTarget "camera" */;
			buildPhases = (
				66B5FEDE1918198000FB45DD /* Sources */,
				66B5FEDF1918198000FB45DD /* Frameworks */,
				66B5FEE01918198000FB45DD /* Resources */,
			);
			buildRules = (
			);
			dependencies = (
			);
			name = camera;
			productName = camera;
			productReference = 66B5FEE21918198000FB45DD /* camera.app */;
			productType = "com.apple.product-type.application";
		};
		66B5FF051918198000FB45DD /* cameraTests */ = {
			isa = PBXNativeTarget;
			buildConfigurationList = 66B5FF1A1918198100FB45DD /* Build configuration list for PBXNativeTarget "cameraTests" */;
			buildPhases = (
				66B5FF021918198000FB45DD /* Sources */,
				66B5FF031918198000FB45DD /* Frameworks */,
				66B5FF041918198000FB45DD /* Resources */,
			);
			buildRules = (
			);
			dependencies = (
				66B5FF0C1918198100FB45DD /* PBXTargetDependency */,
			);
			name = cameraTests;
			productName = cameraTests;
			productReference = 66B5FF061918198000FB45DD /* cameraTests.xctest */;
			productType = "com.apple.product-type.bundle.unit-test";
		};
/* End PBXNativeTarget section */

/* Begin PBXProject section */
		66B5FEDA1918198000FB45DD /* Project object */ = {
			isa = PBXProject;
			attributes = {
				LastUpgradeCheck = 0510;
				ORGANIZATIONNAME = "___FULLUSERNAME___";
				TargetAttributes = {
					66B5FF051918198000FB45DD = {
						TestTargetID = 66B5FEE11918198000FB45DD;
					};
				};
			};
			buildConfigurationList = 66B5FEDD1918198000FB45DD /* Build configuration list for PBXProject "camera" */;
			compatibilityVersion = "Xcode 3.2";
			developmentRegion = English;
			hasScannedForEncodings = 0;
			knownRegions = (
				en,
				Base,
			);
			mainGroup = 66B5FED91918198000FB45DD;
			productRefGroup = 66B5FEE31918198000FB45DD /* Products */;
			projectDirPath = "";
			projectRoot = "";
			targets = (
				66B5FEE11918198000FB45DD /* camera */,
				66B5FF051918198000FB45DD /* cameraTests */,
			);
		};
/* End PBXProject section */

/* Begin PBXResourcesBuildPhase section */
		66B5FEE01918198000FB45DD /* Resources */ = {
			isa = PBXResourcesBuildPhase;
			buildActionMask = 2147483647;
			files = (
				66B5FEFC1918198000FB45DD /* Main_iPad.storyboard in Resources */,
				66B5FF011918198000FB45DD /* Images.xcassets in Resources */,
				66B5FEF91918198000FB45DD /* Main_iPhone.storyboard in Resources */,
				66B5FEF01918198000FB45DD /* InfoPlist.strings in Resources */,
			);
			runOnlyForDeploymentPostprocessing = 0;
		};
		66B5FF041918198000FB45DD /* Resources */ = {
			isa = PBXResourcesBuildPhase;
			buildActionMask = 2147483647;
			files = (
				66B5FF121918198100FB45DD /* InfoPlist.strings in Resources */,
			);
			runOnlyForDeploymentPostprocessing = 0;
		};
/* End PBXResourcesBuildPhase section */

/* Begin PBXSourcesBuildPhase section */
		66B5FEDE1918198000FB45DD /* Sources */ = {
			isa = PBXSourcesBuildPhase;
			buildActionMask = 2147483647;
			files = (
				66B5FEFF1918198000FB45DD /* ViewController.m in Sources */,
				66B5FEF61918198000FB45DD /* AppDelegate.m in Sources */,
				66B5FEF21918198000FB45DD /* main.m in Sources */,
			);
			runOnlyForDeploymentPostprocessing = 0;
		};
		66B5FF021918198000FB45DD /* Sources */ = {
			isa = PBXSourcesBuildPhase;
			buildActionMask = 2147483647;
			files = (
				66B5FF141918198100FB45DD /* cameraTests.m in Sources */,
			);
			runOnlyForDeploymentPostprocessing = 0;
		};
/* End PBXSourcesBuildPhase section */

/* Begin PBXTargetDependency section */
		66B5FF0C1918198100FB45DD /* PBXTargetDependency */ = {
			isa = PBXTargetDependency;
			target = 66B5FEE11918198000FB45DD /* camera */;
			targetProxy = 66B5FF0B1918198100FB45DD /* PBXContainerItemProxy */;
		};
/* End PBXTargetDependency section */

/* Begin PBXVariantGroup section */
		66B5FEEE1918198000FB45DD /* InfoPlist.strings */ = {
			isa = PBXVariantGroup;
			children = (
				66B5FEEF1918198000FB45DD /* en */,
			);
			name = InfoPlist.strings;
			sourceTree = "<group>";
		};
		66B5FEF71918198000FB45DD /* Main_iPhone.storyboard */ = {
			isa = PBXVariantGroup;
			children = (
				66B5FEF81918198000FB45DD /* Base */,
			);
			name = Main_iPhone.storyboard;
			sourceTree = "<group>";
		};
		66B5FEFA1918198000FB45DD /* Main_iPad.storyboard */ = {
			isa = PBXVariantGroup;
			children = (
				66B5FEFB1918198000FB45DD /* Base */,
			);
			name = Main_iPad.storyboard;
			sourceTree = "<group>";
		};
		66B5FF101918198100FB45DD /* InfoPlist.strings */ = {
			isa = PBXVariantGroup;
			children = (
				66B5FF111918198100FB45DD /* en */,
			);
			name = InfoPlist.strings;
			sourceTree = "<group>";
		};
/* End PBXVariantGroup section */

/* Begin XCBuildConfiguration section */
		66B5FF151918198100FB45DD /* Debug */ = {
			isa = XCBuildConfiguration;
			buildSettings = {
				ALWAYS_SEARCH_USER_PATHS = NO;
				CLANG_CXX_LANGUAGE_STANDARD = "gnu++0x";
				CLANG_CXX_LIBRARY = "libc++";
				CLANG_ENABLE_MODULES = YES;
				CLANG_ENABLE_OBJC_ARC = YES;
				CLANG_WARN_BOOL_CONVERSION = YES;
				CLANG_WARN_CONSTANT_CONVERSION = YES;
				CLANG_WARN_DIRECT_OBJC_ISA_USAGE = YES_ERROR;
				CLANG_WARN_EMPTY_BODY = YES;
				CLANG_WARN_ENUM_CONVERSION = YES;
				CLANG_WARN_INT_CONVERSION = YES;
				CLANG_WARN_OBJC_ROOT_CLASS = YES_ERROR;
				CLANG_WARN__DUPLICATE_METHOD_MATCH = YES;
				"CODE_SIGN_IDENTITY[sdk=iphoneos*]" = "iPhone Developer";
				COPY_PHASE_STRIP = NO;
				GCC_C_LANGUAGE_STANDARD = gnu99;
				GCC_DYNAMIC_NO_PIC = NO;
				GCC_OPTIMIZATION_LEVEL = 0;
				GCC_PREPROCESSOR_DEFINITIONS = (
					"DEBUG=1",
					"$(inherited)",
				);
				GCC_SYMBOLS_PRIVATE_EXTERN = NO;
				GCC_WARN_64_TO_32_BIT_CONVERSION = YES;
				GCC_WARN_ABOUT_RETURN_TYPE = YES_ERROR;
				GCC_WARN_UNDECLARED_SELECTOR = YES;
				GCC_WARN_UNINITIALIZED_AUTOS = YES_AGGRESSIVE;
				GCC_WARN_UNUSED_FUNCTION = YES;
				GCC_WARN_UNUSED_VARIABLE = YES;
				IPHONEOS_DEPLOYMENT_TARGET = 7.1;
				ONLY_ACTIVE_ARCH = YES;
				SDKROOT = iphoneos;
				TARGETED_DEVICE_FAMILY = "1,2";
			};
			name = Debug;
		};
		66B5FF161918198100FB45DD /* Release */ = {
			isa = XCBuildConfiguration;
			buildSettings = {
				ALWAYS_SEARCH_USER_PATHS = NO;
				CLANG_CXX_LANGUAGE_STANDARD = "gnu++0x";
				CLANG_CXX_LIBRARY = "libc++";
				CLANG_ENABLE_MODULES = YES;
				CLANG_ENABLE_OBJC_ARC = YES;
				CLANG_WARN_BOOL_CONVERSION = YES;
				CLANG_WARN_CONSTANT_CONVERSION = YES;
				CLANG_WARN_DIRECT_OBJC_ISA_USAGE = YES_ERROR;
				CLANG_WARN_EMPTY_BODY = YES;
				CLANG_WARN_ENUM_CONVERSION = YES;
				CLANG_WARN_INT_CONVERSION = YES;
				CLANG_WARN_OBJC_ROOT_CLASS = YES_ERROR;
				CLANG_WARN__DUPLICATE_METHOD_MATCH = YES;
				"CODE_SIGN_IDENTITY[sdk=iphoneos*]" = "iPhone Developer";
				COPY_PHASE_STRIP = YES;
				ENABLE_NS_ASSERTIONS = NO;
				GCC_C_LANGUAGE_STANDARD = gnu99;
				GCC_WARN_64_TO_32_BIT_CONVERSION = YES;
				GCC_WARN_ABOUT_RETURN_TYPE = YES_ERROR;
				GCC_WARN_UNDECLARED_SELECTOR = YES;
				GCC_WARN_UNINITIALIZED_AUTOS = YES_AGGRESSIVE;
				GCC_WARN_UNUSED_FUNCTION = YES;
				GCC_WARN_UNUSED_VARIABLE = YES;
				IPHONEOS_DEPLOYMENT_TARGET = 7.1;
				SDKROOT = iphoneos;
				TARGETED_DEVICE_FAMILY = "1,2";
				VALIDATE_PRODUCT = YES;
			};
			name = Release;
		};
		66B5FF181918198100FB45DD /* Debug */ = {
			isa = XCBuildConfiguration;
			buildSettings = {
				ASSETCATALOG_COMPILER_APPICON_NAME = AppIcon;
				ASSETCATALOG_COMPILER_LAUNCHIMAGE_NAME = LaunchImage;
				GCC_PRECOMPILE_PREFIX_HEADER = YES;
				GCC_PREFIX_HEADER = "camera/camera-Prefix.pch";
				INFOPLIST_FILE = "camera/camera-Info.plist";
				PRODUCT_NAME = "$(TARGET_NAME)";
				WRAPPER_EXTENSION = app;
			};
			name = Debug;
		};
		66B5FF191918198100FB45DD /* Release */ = {
			isa = XCBuildConfiguration;
			buildSettings = {
				ASSETCATALOG_COMPILER_APPICON_NAME = AppIcon;
				ASSETCATALOG_COMPILER_LAUNCHIMAGE_NAME = LaunchImage;
				GCC_PRECOMPILE_PREFIX_HEADER = YES;
				GCC_PREFIX_HEADER = "camera/camera-Prefix.pch";
				INFOPLIST_FILE = "camera/camera-Info.plist";
				PRODUCT_NAME = "$(TARGET_NAME)";
				WRAPPER_EXTENSION = app;
			};
			name = Release;
		};
		66B5FF1B1918198100FB45DD /* Debug */ = {
			isa = XCBuildConfiguration;
			buildSettings = {
				BUNDLE_LOADER = "$(BUILT_PRODUCTS_DIR)/camera.app/camera";
				FRAMEWORK_SEARCH_PATHS = (
					"$(SDKROOT)/Developer/Library/Frameworks",
					"$(inherited)",
					"$(DEVELOPER_FRAMEWORKS_DIR)",
				);
				GCC_PRECOMPILE_PREFIX_HEADER = YES;
				GCC_PREFIX_HEADER = "camera/camera-Prefix.pch";
				GCC_PREPROCESSOR_DEFINITIONS = (
					"DEBUG=1",
					"$(inherited)",
				);
				INFOPLIST_FILE = "cameraTests/cameraTests-Info.plist";
				PRODUCT_NAME = "$(TARGET_NAME)";
				TEST_HOST = "$(BUNDLE_LOADER)";
				WRAPPER_EXTENSION = xctest;
			};
			name = Debug;
		};
		66B5FF1C1918198100FB45DD /* Release */ = {
			isa = XCBuildConfiguration;
			buildSettings = {
				BUNDLE_LOADER = "$(BUILT_PRODUCTS_DIR)/camera.app/camera";
				FRAMEWORK_SEARCH_PATHS = (
					"$(SDKROOT)/Developer/Library/Frameworks",
					"$(inherited)",
					"$(DEVELOPER_FRAMEWORKS_DIR)",
				);
				GCC_PRECOMPILE_PREFIX_HEADER = YES;
				GCC_PREFIX_HEADER = "camera/camera-Prefix.pch";
				INFOPLIST_FILE = "cameraTests/cameraTests-Info.plist";
				PRODUCT_NAME = "$(TARGET_NAME)";
				TEST_HOST = "$(BUNDLE_LOADER)";
				WRAPPER_EXTENSION = xctest;
			};
			name = Release;
		};
/* End XCBuildConfiguration section */

/* Begin XCConfigurationList section */
		66B5FEDD1918198000FB45DD /* Build configuration list for PBXProject "camera" */ = {
			isa = XCConfigurationList;
			buildConfigurations = (
				66B5FF151918198100FB45DD /* Debug */,
				66B5FF161918198100FB45DD /* Release */,
			);
			defaultConfigurationIsVisible = 0;
			defaultConfigurationName = Release;
		};
		66B5FF171918198100FB45DD /* Build configuration list for PBXNativeTarget "camera" */ = {
			isa = XCConfigurationList;
			buildConfigurations = (
				66B5FF181918198100FB45DD /* Debug */,
				66B5FF191918198100FB45DD /* Release */,
			);
			defaultConfigurationIsVisible = 0;
		};
		66B5FF1A1918198100FB45DD /* Build configuration list for PBXNativeTarget "cameraTests" */ = {
			isa = XCConfigurationList;
			buildConfigurations = (
				66B5FF1B1918198100FB45DD /* Debug */,
				66B5FF1C1918198100FB45DD /* Release */,
			);
			defaultConfigurationIsVisible = 0;
		};
/* End XCConfigurationList section */
	};
	rootObject = 66B5FEDA1918198000FB45DD /* Project object */;
}
